
Microsoft Visual Studio Solution File, Format Version 12.00
# Visual Studio Version 17
VisualStudioVersion = 17.0.31903.59
MinimumVisualStudioVersion = 10.0.40219.1
Project("{FAE04EC0-301F-11D3-BF4B-00C04F79EFBC}") = "DataMover.Batch", "DataMover.Batch\DataMover.Batch.csproj", "{05C35ECB-845A-4B3D-AC75-676551165845}"
EndProject
Project("{FAE04EC0-301F-11D3-BF4B-00C04F79EFBC}") = "DataMover.Data", "DataMover.Data\DataMover.Data.csproj", "{4A8F92D6-1868-4A65-AA86-CD554149F1EE}"
EndProject
Project("{FAE04EC0-301F-11D3-BF4B-00C04F79EFBC}") = "DataMover.Model", "DataMover.Model\DataMover.Model.csproj", "{DD4D9577-3A71-4FF2-959D-BEC20D45AF73}"
EndProject
Project("{FAE04EC0-301F-11D3-BF4B-00C04F79EFBC}") = "DataMover.Services", "DataMover.Services\DataMover.Services.csproj", "{84BA9637-4504-40B3-9193-30B601D881D4}"
EndProject
Global
	GlobalSection(SolutionConfigurationPlatforms) = preSolution
		Debug|Any CPU = Debug|Any CPU
		Release|Any CPU = Release|Any CPU
	EndGlobalSection
	GlobalSection(SolutionProperties) = preSolution
		HideSolutionNode = FALSE
	EndGlobalSection
	GlobalSection(ProjectConfigurationPlatforms) = postSolution
		{05C35ECB-845A-4B3D-AC75-676551165845}.Debug|Any CPU.ActiveCfg = Debug|Any CPU
		{05C35ECB-845A-4B3D-AC75-676551165845}.Debug|Any CPU.Build.0 = Debug|Any CPU
		{05C35ECB-845A-4B3D-AC75-676551165845}.Release|Any CPU.ActiveCfg = Release|Any CPU
		{05C35ECB-845A-4B3D-AC75-676551165845}.Release|Any CPU.Build.0 = Release|Any CPU
		{4A8F92D6-1868-4A65-AA86-CD554149F1EE}.Debug|Any CPU.ActiveCfg = Debug|Any CPU
		{4A8F92D6-1868-4A65-AA86-CD554149F1EE}.Debug|Any CPU.Build.0 = Debug|Any CPU
		{4A8F92D6-1868-4A65-AA86-CD554149F1EE}.Release|Any CPU.ActiveCfg = Release|Any CPU
		{4A8F92D6-1868-4A65-AA86-CD554149F1EE}.Release|Any CPU.Build.0 = Release|Any CPU
		{DD4D9577-3A71-4FF2-959D-BEC20D45AF73}.Debug|Any CPU.ActiveCfg = Debug|Any CPU
		{DD4D9577-3A71-4FF2-959D-BEC20D45AF73}.Debug|Any CPU.Build.0 = Debug|Any CPU
		{DD4D9577-3A71-4FF2-959D-BEC20D45AF73}.Release|Any CPU.ActiveCfg = Release|Any CPU
		{DD4D9577-3A71-4FF2-959D-BEC20D45AF73}.Release|Any CPU.Build.0 = Release|Any CPU
		{84BA9637-4504-40B3-9193-30B601D881D4}.Debug|Any CPU.ActiveCfg = Debug|Any CPU
		{84BA9637-4504-40B3-9193-30B601D881D4}.Debug|Any CPU.Build.0 = Debug|Any CPU
		{84BA9637-4504-40B3-9193-30B601D881D4}.Release|Any CPU.ActiveCfg = Release|Any CPU
		{84BA9637-4504-40B3-9193-30B601D881D4}.Release|Any CPU.Build.0 = Release|Any CPU
	EndGlobalSection
EndGlobal
